// !$*UTF8*$!
{
	archiveVersion = 1;
	classes = {
	};
	objectVersion = 46;
	objects = {

/* Begin PBXBuildFile section */
		47ADEEEA1DAF14B5000B225F /* AppDelegate.swift in Sources */ = {isa = PBXBuildFile; fileRef = 47ADEEE91DAF14B5000B225F /* AppDelegate.swift */; };
		47ADEEEC1DAF14B5000B225F /* ViewController.swift in Sources */ = {isa = PBXBuildFile; fileRef = 47ADEEEB1DAF14B5000B225F /* ViewController.swift */; };
		47ADEEEF1DAF14B5000B225F /* Main.storyboard in Resources */ = {isa = PBXBuildFile; fileRef = 47ADEEED1DAF14B5000B225F /* Main.storyboard */; };
		47ADEEF11DAF14B5000B225F /* Assets.xcassets in Resources */ = {isa = PBXBuildFile; fileRef = 47ADEEF01DAF14B5000B225F /* Assets.xcassets */; };
		47ADEEF41DAF14B5000B225F /* LaunchScreen.storyboard in Resources */ = {isa = PBXBuildFile; fileRef = 47ADEEF21DAF14B5000B225F /* LaunchScreen.storyboard */; };
		F7114A3A1DB8C3700048DBDE /* SoundRecorder.swift in Sources */ = {isa = PBXBuildFile; fileRef = F7114A391DB8C3700048DBDE /* SoundRecorder.swift */; };
		F7B8A7281E06394F003A1EE7 /* Rippl.framework in Frameworks */ = {isa = PBXBuildFile; fileRef = F7B8A71F1E06394F003A1EE7 /* Rippl.framework */; };
		F7B8A72F1E06394F003A1EE7 /* Rippl-iOS.h in Headers */ = {isa = PBXBuildFile; fileRef = F7B8A7211E06394F003A1EE7 /* Rippl-iOS.h */; settings = {ATTRIBUTES = (Public, ); }; };
		F7B8A7371E063969003A1EE7 /* Rippl.swift in Sources */ = {isa = PBXBuildFile; fileRef = F7B8A7361E063969003A1EE7 /* Rippl.swift */; };
		F7B8A7381E0639BD003A1EE7 /* Rippl.swift in Sources */ = {isa = PBXBuildFile; fileRef = F7B8A7361E063969003A1EE7 /* Rippl.swift */; };
/* End PBXBuildFile section */

/* Begin PBXContainerItemProxy section */
		47ADEEFB1DAF14B5000B225F /* PBXContainerItemProxy */ = {
			isa = PBXContainerItemProxy;
			containerPortal = 47ADEEDE1DAF14B4000B225F /* Project object */;
			proxyType = 1;
			remoteGlobalIDString = 47ADEEE51DAF14B4000B225F;
			remoteInfo = Ripple;
		};
		47ADEF061DAF14B5000B225F /* PBXContainerItemProxy */ = {
			isa = PBXContainerItemProxy;
			containerPortal = 47ADEEDE1DAF14B4000B225F /* Project object */;
			proxyType = 1;
			remoteGlobalIDString = 47ADEEE51DAF14B4000B225F;
			remoteInfo = Ripple;
		};
		F7B8A7291E06394F003A1EE7 /* PBXContainerItemProxy */ = {
			isa = PBXContainerItemProxy;
			containerPortal = 47ADEEDE1DAF14B4000B225F /* Project object */;
			proxyType = 1;
			remoteGlobalIDString = F7B8A71E1E06394F003A1EE7;
			remoteInfo = "Rippl-iOS";
		};
/* End PBXContainerItemProxy section */

/* Begin PBXFileReference section */
		47ADEEE61DAF14B5000B225F /* Rippl.app */ = {isa = PBXFileReference; explicitFileType = wrapper.application; includeInIndex = 0; path = Rippl.app; sourceTree = BUILT_PRODUCTS_DIR; };
		47ADEEE91DAF14B5000B225F /* AppDelegate.swift */ = {isa = PBXFileReference; lastKnownFileType = sourcecode.swift; lineEnding = 0; path = AppDelegate.swift; sourceTree = "<group>"; xcLanguageSpecificationIdentifier = xcode.lang.swift; };
		47ADEEEB1DAF14B5000B225F /* ViewController.swift */ = {isa = PBXFileReference; lastKnownFileType = sourcecode.swift; lineEnding = 0; path = ViewController.swift; sourceTree = "<group>"; xcLanguageSpecificationIdentifier = xcode.lang.swift; };
		47ADEEEE1DAF14B5000B225F /* Base */ = {isa = PBXFileReference; lastKnownFileType = file.storyboard; name = Base; path = Base.lproj/Main.storyboard; sourceTree = "<group>"; };
		47ADEEF01DAF14B5000B225F /* Assets.xcassets */ = {isa = PBXFileReference; lastKnownFileType = folder.assetcatalog; path = Assets.xcassets; sourceTree = "<group>"; };
		47ADEEF31DAF14B5000B225F /* Base */ = {isa = PBXFileReference; lastKnownFileType = file.storyboard; name = Base; path = Base.lproj/LaunchScreen.storyboard; sourceTree = "<group>"; };
		47ADEEF51DAF14B5000B225F /* Info.plist */ = {isa = PBXFileReference; lastKnownFileType = text.plist.xml; path = Info.plist; sourceTree = "<group>"; };
		47ADEEFA1DAF14B5000B225F /* RipplTests.xctest */ = {isa = PBXFileReference; explicitFileType = wrapper.cfbundle; includeInIndex = 0; path = RipplTests.xctest; sourceTree = BUILT_PRODUCTS_DIR; };
		47ADEF051DAF14B5000B225F /* RipplUITests.xctest */ = {isa = PBXFileReference; explicitFileType = wrapper.cfbundle; includeInIndex = 0; path = RipplUITests.xctest; sourceTree = BUILT_PRODUCTS_DIR; };
		F7114A391DB8C3700048DBDE /* SoundRecorder.swift */ = {isa = PBXFileReference; fileEncoding = 4; lastKnownFileType = sourcecode.swift; lineEnding = 0; path = SoundRecorder.swift; sourceTree = "<group>"; xcLanguageSpecificationIdentifier = xcode.lang.swift; };
		F7B8A71F1E06394F003A1EE7 /* Rippl.framework */ = {isa = PBXFileReference; explicitFileType = wrapper.framework; includeInIndex = 0; path = Rippl.framework; sourceTree = BUILT_PRODUCTS_DIR; };
		F7B8A7211E06394F003A1EE7 /* Rippl-iOS.h */ = {isa = PBXFileReference; lastKnownFileType = sourcecode.c.h; path = "Rippl-iOS.h"; sourceTree = "<group>"; };
		F7B8A7221E06394F003A1EE7 /* Info.plist */ = {isa = PBXFileReference; lastKnownFileType = text.plist.xml; path = Info.plist; sourceTree = "<group>"; };
		F7B8A7271E06394F003A1EE7 /* Rippl-iOSTests.xctest */ = {isa = PBXFileReference; explicitFileType = wrapper.cfbundle; includeInIndex = 0; path = "Rippl-iOSTests.xctest"; sourceTree = BUILT_PRODUCTS_DIR; };
		F7B8A7361E063969003A1EE7 /* Rippl.swift */ = {isa = PBXFileReference; fileEncoding = 4; lastKnownFileType = sourcecode.swift; path = Rippl.swift; sourceTree = "<group>"; };
/* End PBXFileReference section */

/* Begin PBXFrameworksBuildPhase section */
		47ADEEE31DAF14B4000B225F /* Frameworks */ = {
			isa = PBXFrameworksBuildPhase;
			buildActionMask = 2147483647;
			files = (
			);
			runOnlyForDeploymentPostprocessing = 0;
		};
		47ADEEF71DAF14B5000B225F /* Frameworks */ = {
			isa = PBXFrameworksBuildPhase;
			buildActionMask = 2147483647;
			files = (
			);
			runOnlyForDeploymentPostprocessing = 0;
		};
		47ADEF021DAF14B5000B225F /* Frameworks */ = {
			isa = PBXFrameworksBuildPhase;
			buildActionMask = 2147483647;
			files = (
			);
			runOnlyForDeploymentPostprocessing = 0;
		};
		F7B8A71B1E06394F003A1EE7 /* Frameworks */ = {
			isa = PBXFrameworksBuildPhase;
			buildActionMask = 2147483647;
			files = (
			);
			runOnlyForDeploymentPostprocessing = 0;
		};
		F7B8A7241E06394F003A1EE7 /* Frameworks */ = {
			isa = PBXFrameworksBuildPhase;
			buildActionMask = 2147483647;
			files = (
				F7B8A7281E06394F003A1EE7 /* Rippl.framework in Frameworks */,
			);
			runOnlyForDeploymentPostprocessing = 0;
		};
/* End PBXFrameworksBuildPhase section */

/* Begin PBXGroup section */
		47ADEEDD1DAF14B4000B225F = {
			isa = PBXGroup;
			children = (
				47ADEEE81DAF14B5000B225F /* Rippl */,
				F7B8A7201E06394F003A1EE7 /* Rippl-iOS */,
				47ADEEE71DAF14B5000B225F /* Products */,
			);
			sourceTree = "<group>";
		};
		47ADEEE71DAF14B5000B225F /* Products */ = {
			isa = PBXGroup;
			children = (
				47ADEEE61DAF14B5000B225F /* Rippl.app */,
				47ADEEFA1DAF14B5000B225F /* RipplTests.xctest */,
				47ADEF051DAF14B5000B225F /* RipplUITests.xctest */,
				F7B8A71F1E06394F003A1EE7 /* Rippl.framework */,
				F7B8A7271E06394F003A1EE7 /* Rippl-iOSTests.xctest */,
			);
			name = Products;
			sourceTree = "<group>";
		};
		47ADEEE81DAF14B5000B225F /* Rippl */ = {
			isa = PBXGroup;
			children = (
				47ADEEE91DAF14B5000B225F /* AppDelegate.swift */,
				47ADEEEB1DAF14B5000B225F /* ViewController.swift */,
				F7114A391DB8C3700048DBDE /* SoundRecorder.swift */,
				47ADEEED1DAF14B5000B225F /* Main.storyboard */,
				47ADEEF01DAF14B5000B225F /* Assets.xcassets */,
				47ADEEF21DAF14B5000B225F /* LaunchScreen.storyboard */,
				47ADEEF51DAF14B5000B225F /* Info.plist */,
			);
			path = Rippl;
			sourceTree = "<group>";
		};
		F7B8A7201E06394F003A1EE7 /* Rippl-iOS */ = {
			isa = PBXGroup;
			children = (
				F7B8A7221E06394F003A1EE7 /* Info.plist */,
				F7B8A7211E06394F003A1EE7 /* Rippl-iOS.h */,
				F7B8A7361E063969003A1EE7 /* Rippl.swift */,
			);
			path = "Rippl-iOS";
			sourceTree = "<group>";
		};
/* End PBXGroup section */

/* Begin PBXHeadersBuildPhase section */
		F7B8A71C1E06394F003A1EE7 /* Headers */ = {
			isa = PBXHeadersBuildPhase;
			buildActionMask = 2147483647;
			files = (
				F7B8A72F1E06394F003A1EE7 /* Rippl-iOS.h in Headers */,
			);
			runOnlyForDeploymentPostprocessing = 0;
		};
/* End PBXHeadersBuildPhase section */

/* Begin PBXNativeTarget section */
		47ADEEE51DAF14B4000B225F /* Rippl */ = {
			isa = PBXNativeTarget;
			buildConfigurationList = 47ADEF0E1DAF14B5000B225F /* Build configuration list for PBXNativeTarget "Rippl" */;
			buildPhases = (
				47ADEEE21DAF14B4000B225F /* Sources */,
				47ADEEE31DAF14B4000B225F /* Frameworks */,
				47ADEEE41DAF14B4000B225F /* Resources */,
			);
			buildRules = (
			);
			dependencies = (
			);
			name = Rippl;
			productName = Ripple;
			productReference = 47ADEEE61DAF14B5000B225F /* Rippl.app */;
			productType = "com.apple.product-type.application";
		};
		47ADEEF91DAF14B5000B225F /* RipplTests */ = {
			isa = PBXNativeTarget;
			buildConfigurationList = 47ADEF111DAF14B5000B225F /* Build configuration list for PBXNativeTarget "RipplTests" */;
			buildPhases = (
				47ADEEF61DAF14B5000B225F /* Sources */,
				47ADEEF71DAF14B5000B225F /* Frameworks */,
				47ADEEF81DAF14B5000B225F /* Resources */,
			);
			buildRules = (
			);
			dependencies = (
				47ADEEFC1DAF14B5000B225F /* PBXTargetDependency */,
			);
			name = RipplTests;
			productName = RippleTests;
			productReference = 47ADEEFA1DAF14B5000B225F /* RipplTests.xctest */;
			productType = "com.apple.product-type.bundle.unit-test";
		};
		47ADEF041DAF14B5000B225F /* RipplUITests */ = {
			isa = PBXNativeTarget;
			buildConfigurationList = 47ADEF141DAF14B5000B225F /* Build configuration list for PBXNativeTarget "RipplUITests" */;
			buildPhases = (
				47ADEF011DAF14B5000B225F /* Sources */,
				47ADEF021DAF14B5000B225F /* Frameworks */,
				47ADEF031DAF14B5000B225F /* Resources */,
			);
			buildRules = (
			);
			dependencies = (
				47ADEF071DAF14B5000B225F /* PBXTargetDependency */,
			);
			name = RipplUITests;
			productName = RippleUITests;
			productReference = 47ADEF051DAF14B5000B225F /* RipplUITests.xctest */;
			productType = "com.apple.product-type.bundle.ui-testing";
		};
		F7B8A71E1E06394F003A1EE7 /* Rippl-iOS */ = {
			isa = PBXNativeTarget;
			buildConfigurationList = F7B8A7301E06394F003A1EE7 /* Build configuration list for PBXNativeTarget "Rippl-iOS" */;
			buildPhases = (
				F7B8A71A1E06394F003A1EE7 /* Sources */,
				F7B8A71B1E06394F003A1EE7 /* Frameworks */,
				F7B8A71C1E06394F003A1EE7 /* Headers */,
				F7B8A71D1E06394F003A1EE7 /* Resources */,
			);
			buildRules = (
			);
			dependencies = (
			);
			name = "Rippl-iOS";
			productName = "Rippl-iOS";
			productReference = F7B8A71F1E06394F003A1EE7 /* Rippl.framework */;
			productType = "com.apple.product-type.framework";
		};
		F7B8A7261E06394F003A1EE7 /* Rippl-iOSTests */ = {
			isa = PBXNativeTarget;
			buildConfigurationList = F7B8A7331E06394F003A1EE7 /* Build configuration list for PBXNativeTarget "Rippl-iOSTests" */;
			buildPhases = (
				F7B8A7231E06394F003A1EE7 /* Sources */,
				F7B8A7241E06394F003A1EE7 /* Frameworks */,
				F7B8A7251E06394F003A1EE7 /* Resources */,
			);
			buildRules = (
			);
			dependencies = (
				F7B8A72A1E06394F003A1EE7 /* PBXTargetDependency */,
			);
			name = "Rippl-iOSTests";
			productName = "Rippl-iOSTests";
			productReference = F7B8A7271E06394F003A1EE7 /* Rippl-iOSTests.xctest */;
			productType = "com.apple.product-type.bundle.unit-test";
		};
/* End PBXNativeTarget section */

/* Begin PBXProject section */
		47ADEEDE1DAF14B4000B225F /* Project object */ = {
			isa = PBXProject;
			attributes = {
				LastSwiftUpdateCheck = 0820;
				LastUpgradeCheck = 0810;
				ORGANIZATIONNAME = "Jean-Étienne";
				TargetAttributes = {
					47ADEEE51DAF14B4000B225F = {
						CreatedOnToolsVersion = 8.0;
						DevelopmentTeam = N44EJ7YB22;
						ProvisioningStyle = Automatic;
					};
					47ADEEF91DAF14B5000B225F = {
						CreatedOnToolsVersion = 8.0;
						DevelopmentTeam = N44EJ7YB22;
						LastSwiftMigration = 0820;
						ProvisioningStyle = Automatic;
						TestTargetID = 47ADEEE51DAF14B4000B225F;
					};
					47ADEF041DAF14B5000B225F = {
						CreatedOnToolsVersion = 8.0;
						DevelopmentTeam = N44EJ7YB22;
						LastSwiftMigration = 0820;
						ProvisioningStyle = Automatic;
						TestTargetID = 47ADEEE51DAF14B4000B225F;
					};
					F7B8A71E1E06394F003A1EE7 = {
						CreatedOnToolsVersion = 8.2;
						DevelopmentTeam = N44EJ7YB22;
						LastSwiftMigration = 0820;
						ProvisioningStyle = Automatic;
					};
					F7B8A7261E06394F003A1EE7 = {
						CreatedOnToolsVersion = 8.2;
						DevelopmentTeam = N44EJ7YB22;
						ProvisioningStyle = Automatic;
					};
				};
			};
			buildConfigurationList = 47ADEEE11DAF14B4000B225F /* Build configuration list for PBXProject "Rippl" */;
			compatibilityVersion = "Xcode 3.2";
			developmentRegion = English;
			hasScannedForEncodings = 0;
			knownRegions = (
				English,
				en,
				Base,
			);
			mainGroup = 47ADEEDD1DAF14B4000B225F;
			productRefGroup = 47ADEEE71DAF14B5000B225F /* Products */;
			projectDirPath = "";
			projectRoot = "";
			targets = (
				47ADEEE51DAF14B4000B225F /* Rippl */,
				47ADEEF91DAF14B5000B225F /* RipplTests */,
				47ADEF041DAF14B5000B225F /* RipplUITests */,
				F7B8A71E1E06394F003A1EE7 /* Rippl-iOS */,
				F7B8A7261E06394F003A1EE7 /* Rippl-iOSTests */,
			);
		};
/* End PBXProject section */

/* Begin PBXResourcesBuildPhase section */
		47ADEEE41DAF14B4000B225F /* Resources */ = {
			isa = PBXResourcesBuildPhase;
			buildActionMask = 2147483647;
			files = (
				47ADEEF41DAF14B5000B225F /* LaunchScreen.storyboard in Resources */,
				47ADEEF11DAF14B5000B225F /* Assets.xcassets in Resources */,
				47ADEEEF1DAF14B5000B225F /* Main.storyboard in Resources */,
			);
			runOnlyForDeploymentPostprocessing = 0;
		};
		47ADEEF81DAF14B5000B225F /* Resources */ = {
			isa = PBXResourcesBuildPhase;
			buildActionMask = 2147483647;
			files = (
			);
			runOnlyForDeploymentPostprocessing = 0;
		};
		47ADEF031DAF14B5000B225F /* Resources */ = {
			isa = PBXResourcesBuildPhase;
			buildActionMask = 2147483647;
			files = (
			);
			runOnlyForDeploymentPostprocessing = 0;
		};
		F7B8A71D1E06394F003A1EE7 /* Resources */ = {
			isa = PBXResourcesBuildPhase;
			buildActionMask = 2147483647;
			files = (
			);
			runOnlyForDeploymentPostprocessing = 0;
		};
		F7B8A7251E06394F003A1EE7 /* Resources */ = {
			isa = PBXResourcesBuildPhase;
			buildActionMask = 2147483647;
			files = (
			);
			runOnlyForDeploymentPostprocessing = 0;
		};
/* End PBXResourcesBuildPhase section */

/* Begin PBXSourcesBuildPhase section */
		47ADEEE21DAF14B4000B225F /* Sources */ = {
			isa = PBXSourcesBuildPhase;
			buildActionMask = 2147483647;
			files = (
				47ADEEEC1DAF14B5000B225F /* ViewController.swift in Sources */,
				F7B8A7381E0639BD003A1EE7 /* Rippl.swift in Sources */,
				F7114A3A1DB8C3700048DBDE /* SoundRecorder.swift in Sources */,
				47ADEEEA1DAF14B5000B225F /* AppDelegate.swift in Sources */,
			);
			runOnlyForDeploymentPostprocessing = 0;
		};
		47ADEEF61DAF14B5000B225F /* Sources */ = {
			isa = PBXSourcesBuildPhase;
			buildActionMask = 2147483647;
			files = (
			);
			runOnlyForDeploymentPostprocessing = 0;
		};
		47ADEF011DAF14B5000B225F /* Sources */ = {
			isa = PBXSourcesBuildPhase;
			buildActionMask = 2147483647;
			files = (
			);
			runOnlyForDeploymentPostprocessing = 0;
		};
		F7B8A71A1E06394F003A1EE7 /* Sources */ = {
			isa = PBXSourcesBuildPhase;
			buildActionMask = 2147483647;
			files = (
				F7B8A7371E063969003A1EE7 /* Rippl.swift in Sources */,
			);
			runOnlyForDeploymentPostprocessing = 0;
		};
		F7B8A7231E06394F003A1EE7 /* Sources */ = {
			isa = PBXSourcesBuildPhase;
			buildActionMask = 2147483647;
			files = (
			);
			runOnlyForDeploymentPostprocessing = 0;
		};
/* End PBXSourcesBuildPhase section */

/* Begin PBXTargetDependency section */
		47ADEEFC1DAF14B5000B225F /* PBXTargetDependency */ = {
			isa = PBXTargetDependency;
			target = 47ADEEE51DAF14B4000B225F /* Rippl */;
			targetProxy = 47ADEEFB1DAF14B5000B225F /* PBXContainerItemProxy */;
		};
		47ADEF071DAF14B5000B225F /* PBXTargetDependency */ = {
			isa = PBXTargetDependency;
			target = 47ADEEE51DAF14B4000B225F /* Rippl */;
			targetProxy = 47ADEF061DAF14B5000B225F /* PBXContainerItemProxy */;
		};
		F7B8A72A1E06394F003A1EE7 /* PBXTargetDependency */ = {
			isa = PBXTargetDependency;
			target = F7B8A71E1E06394F003A1EE7 /* Rippl-iOS */;
			targetProxy = F7B8A7291E06394F003A1EE7 /* PBXContainerItemProxy */;
		};
/* End PBXTargetDependency section */

/* Begin PBXVariantGroup section */
		47ADEEED1DAF14B5000B225F /* Main.storyboard */ = {
			isa = PBXVariantGroup;
			children = (
				47ADEEEE1DAF14B5000B225F /* Base */,
			);
			name = Main.storyboard;
			sourceTree = "<group>";
		};
		47ADEEF21DAF14B5000B225F /* LaunchScreen.storyboard */ = {
			isa = PBXVariantGroup;
			children = (
				47ADEEF31DAF14B5000B225F /* Base */,
			);
			name = LaunchScreen.storyboard;
			sourceTree = "<group>";
		};
/* End PBXVariantGroup section */

/* Begin XCBuildConfiguration section */
		47ADEF0C1DAF14B5000B225F /* Debug */ = {
			isa = XCBuildConfiguration;
			buildSettings = {
				ALWAYS_SEARCH_USER_PATHS = NO;
				CLANG_ANALYZER_NONNULL = YES;
				CLANG_CXX_LANGUAGE_STANDARD = "gnu++0x";
				CLANG_CXX_LIBRARY = "libc++";
				CLANG_ENABLE_MODULES = YES;
				CLANG_ENABLE_OBJC_ARC = YES;
				CLANG_WARN_BOOL_CONVERSION = YES;
				CLANG_WARN_CONSTANT_CONVERSION = YES;
				CLANG_WARN_DIRECT_OBJC_ISA_USAGE = YES_ERROR;
				CLANG_WARN_DOCUMENTATION_COMMENTS = YES;
				CLANG_WARN_EMPTY_BODY = YES;
				CLANG_WARN_ENUM_CONVERSION = YES;
				CLANG_WARN_INFINITE_RECURSION = YES;
				CLANG_WARN_INT_CONVERSION = YES;
				CLANG_WARN_OBJC_ROOT_CLASS = YES_ERROR;
				CLANG_WARN_SUSPICIOUS_MOVE = YES;
				CLANG_WARN_SUSPICIOUS_MOVES = YES;
				CLANG_WARN_UNREACHABLE_CODE = YES;
				CLANG_WARN__DUPLICATE_METHOD_MATCH = YES;
				"CODE_SIGN_IDENTITY[sdk=iphoneos*]" = "iPhone Developer";
				COPY_PHASE_STRIP = NO;
				DEBUG_INFORMATION_FORMAT = dwarf;
				ENABLE_STRICT_OBJC_MSGSEND = YES;
				ENABLE_TESTABILITY = YES;
				GCC_C_LANGUAGE_STANDARD = gnu99;
				GCC_DYNAMIC_NO_PIC = NO;
				GCC_NO_COMMON_BLOCKS = YES;
				GCC_OPTIMIZATION_LEVEL = 0;
				GCC_PREPROCESSOR_DEFINITIONS = (
					"DEBUG=1",
					"$(inherited)",
				);
				GCC_WARN_64_TO_32_BIT_CONVERSION = YES;
				GCC_WARN_ABOUT_RETURN_TYPE = YES_ERROR;
				GCC_WARN_UNDECLARED_SELECTOR = YES;
				GCC_WARN_UNINITIALIZED_AUTOS = YES_AGGRESSIVE;
				GCC_WARN_UNUSED_FUNCTION = YES;
				GCC_WARN_UNUSED_VARIABLE = YES;
				IPHONEOS_DEPLOYMENT_TARGET = 10.0;
				MTL_ENABLE_DEBUG_INFO = YES;
				ONLY_ACTIVE_ARCH = YES;
				SDKROOT = iphoneos;
				SWIFT_ACTIVE_COMPILATION_CONDITIONS = DEBUG;
				SWIFT_OPTIMIZATION_LEVEL = "-Onone";
				TARGETED_DEVICE_FAMILY = "1,2";
			};
			name = Debug;
		};
		47ADEF0D1DAF14B5000B225F /* Release */ = {
			isa = XCBuildConfiguration;
			buildSettings = {
				ALWAYS_SEARCH_USER_PATHS = NO;
				CLANG_ANALYZER_NONNULL = YES;
				CLANG_CXX_LANGUAGE_STANDARD = "gnu++0x";
				CLANG_CXX_LIBRARY = "libc++";
				CLANG_ENABLE_MODULES = YES;
				CLANG_ENABLE_OBJC_ARC = YES;
				CLANG_WARN_BOOL_CONVERSION = YES;
				CLANG_WARN_CONSTANT_CONVERSION = YES;
				CLANG_WARN_DIRECT_OBJC_ISA_USAGE = YES_ERROR;
				CLANG_WARN_DOCUMENTATION_COMMENTS = YES;
				CLANG_WARN_EMPTY_BODY = YES;
				CLANG_WARN_ENUM_CONVERSION = YES;
				CLANG_WARN_INFINITE_RECURSION = YES;
				CLANG_WARN_INT_CONVERSION = YES;
				CLANG_WARN_OBJC_ROOT_CLASS = YES_ERROR;
				CLANG_WARN_SUSPICIOUS_MOVE = YES;
				CLANG_WARN_SUSPICIOUS_MOVES = YES;
				CLANG_WARN_UNREACHABLE_CODE = YES;
				CLANG_WARN__DUPLICATE_METHOD_MATCH = YES;
				"CODE_SIGN_IDENTITY[sdk=iphoneos*]" = "iPhone Developer";
				COPY_PHASE_STRIP = NO;
				DEBUG_INFORMATION_FORMAT = "dwarf-with-dsym";
				ENABLE_NS_ASSERTIONS = NO;
				ENABLE_STRICT_OBJC_MSGSEND = YES;
				GCC_C_LANGUAGE_STANDARD = gnu99;
				GCC_NO_COMMON_BLOCKS = YES;
				GCC_WARN_64_TO_32_BIT_CONVERSION = YES;
				GCC_WARN_ABOUT_RETURN_TYPE = YES_ERROR;
				GCC_WARN_UNDECLARED_SELECTOR = YES;
				GCC_WARN_UNINITIALIZED_AUTOS = YES_AGGRESSIVE;
				GCC_WARN_UNUSED_FUNCTION = YES;
				GCC_WARN_UNUSED_VARIABLE = YES;
				IPHONEOS_DEPLOYMENT_TARGET = 10.0;
				MTL_ENABLE_DEBUG_INFO = NO;
				SDKROOT = iphoneos;
				SWIFT_OPTIMIZATION_LEVEL = "-Owholemodule";
				TARGETED_DEVICE_FAMILY = "1,2";
				VALIDATE_PRODUCT = YES;
			};
			name = Release;
		};
		47ADEF0F1DAF14B5000B225F /* Debug */ = {
			isa = XCBuildConfiguration;
			buildSettings = {
				ASSETCATALOG_COMPILER_APPICON_NAME = AppIcon;
				DEVELOPMENT_TEAM = N44EJ7YB22;
				INFOPLIST_FILE = Rippl/Info.plist;
				LD_RUNPATH_SEARCH_PATHS = "$(inherited) @executable_path/Frameworks";
				PRODUCT_BUNDLE_IDENTIFIER = net.jeanetienne.Rippl;
				PRODUCT_NAME = "$(TARGET_NAME)";
				SWIFT_VERSION = 3.0;
			};
			name = Debug;
		};
		47ADEF101DAF14B5000B225F /* Release */ = {
			isa = XCBuildConfiguration;
			buildSettings = {
				ASSETCATALOG_COMPILER_APPICON_NAME = AppIcon;
				DEVELOPMENT_TEAM = N44EJ7YB22;
				INFOPLIST_FILE = Rippl/Info.plist;
				LD_RUNPATH_SEARCH_PATHS = "$(inherited) @executable_path/Frameworks";
				PRODUCT_BUNDLE_IDENTIFIER = net.jeanetienne.Rippl;
				PRODUCT_NAME = "$(TARGET_NAME)";
				SWIFT_VERSION = 3.0;
			};
			name = Release;
		};
		47ADEF121DAF14B5000B225F /* Debug */ = {
			isa = XCBuildConfiguration;
			buildSettings = {
				ALWAYS_EMBED_SWIFT_STANDARD_LIBRARIES = YES;
				BUNDLE_LOADER = "$(TEST_HOST)";
				CLANG_ENABLE_MODULES = YES;
				DEVELOPMENT_TEAM = N44EJ7YB22;
				INFOPLIST_FILE = RipplTests/Info.plist;
				LD_RUNPATH_SEARCH_PATHS = "$(inherited) @executable_path/Frameworks @loader_path/Frameworks";
				PRODUCT_BUNDLE_IDENTIFIER = net.jeanetienne.RipplTests;
				PRODUCT_NAME = "$(TARGET_NAME)";
				SWIFT_OPTIMIZATION_LEVEL = "-Onone";
				SWIFT_VERSION = 3.0;
				TEST_HOST = "$(BUILT_PRODUCTS_DIR)/Rippl.app/Rippl";
			};
			name = Debug;
		};
		47ADEF131DAF14B5000B225F /* Release */ = {
			isa = XCBuildConfiguration;
			buildSettings = {
				ALWAYS_EMBED_SWIFT_STANDARD_LIBRARIES = YES;
				BUNDLE_LOADER = "$(TEST_HOST)";
				CLANG_ENABLE_MODULES = YES;
				DEVELOPMENT_TEAM = N44EJ7YB22;
				INFOPLIST_FILE = RipplTests/Info.plist;
				LD_RUNPATH_SEARCH_PATHS = "$(inherited) @executable_path/Frameworks @loader_path/Frameworks";
				PRODUCT_BUNDLE_IDENTIFIER = net.jeanetienne.RipplTests;
				PRODUCT_NAME = "$(TARGET_NAME)";
				SWIFT_VERSION = 3.0;
				TEST_HOST = "$(BUILT_PRODUCTS_DIR)/Rippl.app/Rippl";
			};
			name = Release;
		};
		47ADEF151DAF14B5000B225F /* Debug */ = {
			isa = XCBuildConfiguration;
			buildSettings = {
				ALWAYS_EMBED_SWIFT_STANDARD_LIBRARIES = YES;
				CLANG_ENABLE_MODULES = YES;
				DEVELOPMENT_TEAM = N44EJ7YB22;
				INFOPLIST_FILE = RipplUITests/Info.plist;
				LD_RUNPATH_SEARCH_PATHS = "$(inherited) @executable_path/Frameworks @loader_path/Frameworks";
				PRODUCT_BUNDLE_IDENTIFIER = net.jeanetienne.RipplUITests;
				PRODUCT_NAME = "$(TARGET_NAME)";
				SWIFT_OPTIMIZATION_LEVEL = "-Onone";
				SWIFT_VERSION = 3.0;
				TEST_TARGET_NAME = Rippl;
			};
			name = Debug;
		};
		47ADEF161DAF14B5000B225F /* Release */ = {
			isa = XCBuildConfiguration;
			buildSettings = {
				ALWAYS_EMBED_SWIFT_STANDARD_LIBRARIES = YES;
				CLANG_ENABLE_MODULES = YES;
				DEVELOPMENT_TEAM = N44EJ7YB22;
				INFOPLIST_FILE = RipplUITests/Info.plist;
				LD_RUNPATH_SEARCH_PATHS = "$(inherited) @executable_path/Frameworks @loader_path/Frameworks";
				PRODUCT_BUNDLE_IDENTIFIER = net.jeanetienne.RipplUITests;
				PRODUCT_NAME = "$(TARGET_NAME)";
				SWIFT_VERSION = 3.0;
				TEST_TARGET_NAME = Rippl;
			};
			name = Release;
		};
		F7B8A7311E06394F003A1EE7 /* Debug */ = {
			isa = XCBuildConfiguration;
			buildSettings = {
				APPLICATION_EXTENSION_API_ONLY = YES;
				CLANG_ENABLE_MODULES = YES;
				CODE_SIGN_IDENTITY = "";
				CURRENT_PROJECT_VERSION = 1;
				DEFINES_MODULE = YES;
				DEVELOPMENT_TEAM = N44EJ7YB22;
				DYLIB_COMPATIBILITY_VERSION = 1;
				DYLIB_CURRENT_VERSION = 1;
				DYLIB_INSTALL_NAME_BASE = "@rpath";
				INFOPLIST_FILE = "Rippl-iOS/Info.plist";
				INSTALL_PATH = "$(LOCAL_LIBRARY_DIR)/Frameworks";
				IPHONEOS_DEPLOYMENT_TARGET = 10.2;
				LD_RUNPATH_SEARCH_PATHS = "$(inherited) @executable_path/Frameworks @loader_path/Frameworks";
				ONLY_ACTIVE_ARCH = NO;
				PRODUCT_BUNDLE_IDENTIFIER = "net.jeanetienne.Rippl-iOS";
				PRODUCT_NAME = Rippl;
				SKIP_INSTALL = YES;
				SWIFT_OPTIMIZATION_LEVEL = "-Onone";
				SWIFT_VERSION = 3.0;
				VERSIONING_SYSTEM = "apple-generic";
				VERSION_INFO_PREFIX = "";
			};
			name = Debug;
		};
		F7B8A7321E06394F003A1EE7 /* Release */ = {
			isa = XCBuildConfiguration;
			buildSettings = {
				APPLICATION_EXTENSION_API_ONLY = YES;
				CLANG_ENABLE_MODULES = YES;
				CODE_SIGN_IDENTITY = "";
				CURRENT_PROJECT_VERSION = 1;
				DEFINES_MODULE = YES;
				DEVELOPMENT_TEAM = N44EJ7YB22;
				DYLIB_COMPATIBILITY_VERSION = 1;
				DYLIB_CURRENT_VERSION = 1;
				DYLIB_INSTALL_NAME_BASE = "@rpath";
				INFOPLIST_FILE = "Rippl-iOS/Info.plist";
				INSTALL_PATH = "$(LOCAL_LIBRARY_DIR)/Frameworks";
				IPHONEOS_DEPLOYMENT_TARGET = 10.2;
				LD_RUNPATH_SEARCH_PATHS = "$(inherited) @executable_path/Frameworks @loader_path/Frameworks";
				ONLY_ACTIVE_ARCH = NO;
				PRODUCT_BUNDLE_IDENTIFIER = "net.jeanetienne.Rippl-iOS";
				PRODUCT_NAME = Rippl;
				SKIP_INSTALL = YES;
				SWIFT_VERSION = 3.0;
				VERSIONING_SYSTEM = "apple-generic";
				VERSION_INFO_PREFIX = "";
			};
			name = Release;
		};
		F7B8A7341E06394F003A1EE7 /* Debug */ = {
			isa = XCBuildConfiguration;
			buildSettings = {
				ALWAYS_EMBED_SWIFT_STANDARD_LIBRARIES = YES;
				DEVELOPMENT_TEAM = N44EJ7YB22;
				INFOPLIST_FILE = "Rippl-iOSTests/Info.plist";
				IPHONEOS_DEPLOYMENT_TARGET = 10.2;
				LD_RUNPATH_SEARCH_PATHS = "$(inherited) @executable_path/Frameworks @loader_path/Frameworks";
				PRODUCT_BUNDLE_IDENTIFIER = "net.jeanetienne.Rippl-iOSTests";
				PRODUCT_NAME = "$(TARGET_NAME)";
				SWIFT_VERSION = 3.0;
			};
			name = Debug;
		};
		F7B8A7351E06394F003A1EE7 /* Release */ = {
			isa = XCBuildConfiguration;
			buildSettings = {
				ALWAYS_EMBED_SWIFT_STANDARD_LIBRARIES = YES;
				DEVELOPMENT_TEAM = N44EJ7YB22;
				INFOPLIST_FILE = "Rippl-iOSTests/Info.plist";
				IPHONEOS_DEPLOYMENT_TARGET = 10.2;
				LD_RUNPATH_SEARCH_PATHS = "$(inherited) @executable_path/Frameworks @loader_path/Frameworks";
				PRODUCT_BUNDLE_IDENTIFIER = "net.jeanetienne.Rippl-iOSTests";
				PRODUCT_NAME = "$(TARGET_NAME)";
				SWIFT_VERSION = 3.0;
			};
			name = Release;
		};
/* End XCBuildConfiguration section */

/* Begin XCConfigurationList section */
		47ADEEE11DAF14B4000B225F /* Build configuration list for PBXProject "Rippl" */ = {
			isa = XCConfigurationList;
			buildConfigurations = (
				47ADEF0C1DAF14B5000B225F /* Debug */,
				47ADEF0D1DAF14B5000B225F /* Release */,
			);
			defaultConfigurationIsVisible = 0;
			defaultConfigurationName = Release;
		};
		47ADEF0E1DAF14B5000B225F /* Build configuration list for PBXNativeTarget "Rippl" */ = {
			isa = XCConfigurationList;
			buildConfigurations = (
				47ADEF0F1DAF14B5000B225F /* Debug */,
				47ADEF101DAF14B5000B225F /* Release */,
			);
			defaultConfigurationIsVisible = 0;
			defaultConfigurationName = Release;
		};
		47ADEF111DAF14B5000B225F /* Build configuration list for PBXNativeTarget "RipplTests" */ = {
			isa = XCConfigurationList;
			buildConfigurations = (
				47ADEF121DAF14B5000B225F /* Debug */,
				47ADEF131DAF14B5000B225F /* Release */,
			);
			defaultConfigurationIsVisible = 0;
			defaultConfigurationName = Release;
		};
		47ADEF141DAF14B5000B225F /* Build configuration list for PBXNativeTarget "RipplUITests" */ = {
			isa = XCConfigurationList;
			buildConfigurations = (
				47ADEF151DAF14B5000B225F /* Debug */,
				47ADEF161DAF14B5000B225F /* Release */,
			);
			defaultConfigurationIsVisible = 0;
			defaultConfigurationName = Release;
		};
		F7B8A7301E06394F003A1EE7 /* Build configuration list for PBXNativeTarget "Rippl-iOS" */ = {
			isa = XCConfigurationList;
			buildConfigurations = (
				F7B8A7311E06394F003A1EE7 /* Debug */,
				F7B8A7321E06394F003A1EE7 /* Release */,
			);
			defaultConfigurationIsVisible = 0;
			defaultConfigurationName = Release;
		};
		F7B8A7331E06394F003A1EE7 /* Build configuration list for PBXNativeTarget "Rippl-iOSTests" */ = {
			isa = XCConfigurationList;
			buildConfigurations = (
				F7B8A7341E06394F003A1EE7 /* Debug */,
				F7B8A7351E06394F003A1EE7 /* Release */,
			);
			defaultConfigurationIsVisible = 0;
			defaultConfigurationName = Release;
		};
/* End XCConfigurationList section */
	};
	rootObject = 47ADEEDE1DAF14B4000B225F /* Project object */;
}
